
Microsoft Visual Studio Solution File, Format Version 12.00
# Visual Studio 15
VisualStudioVersion = 15.0.28307.421
MinimumVisualStudioVersion = 10.0.40219.1
Project("{FAE04EC0-301F-11D3-BF4B-00C04F79EFBC}") = "InvoiceSystem", "InvoiceSystem\InvoiceSystem.csproj", "{BBE6E6F7-6830-44B8-AF4E-5661D041763F}"
EndProject
Global
	GlobalSection(SolutionConfigurationPlatforms) = preSolution
		Debug|Any CPU = Debug|Any CPU
		Release|Any CPU = Release|Any CPU
	EndGlobalSection
	GlobalSection(ProjectConfigurationPlatforms) = postSolution
		{BBE6E6F7-6830-44B8-AF4E-5661D041763F}.Debug|Any CPU.ActiveCfg = Debug|Any CPU
		{BBE6E6F7-6830-44B8-AF4E-5661D041763F}.Debug|Any CPU.Build.0 = Debug|Any CPU
		{BBE6E6F7-6830-44B8-AF4E-5661D041763F}.Release|Any CPU.ActiveCfg = Release|Any CPU
		{BBE6E6F7-6830-44B8-AF4E-5661D041763F}.Release|Any CPU.Build.0 = Release|Any CPU
	EndGlobalSection
	GlobalSection(SolutionProperties) = preSolution
		HideSolutionNode = FALSE
	EndGlobalSection
	GlobalSection(ExtensibilityGlobals) = postSolution
		SolutionGuid = {5F625F09-7B05-49C8-A88D-06DA52294ADE}
	EndGlobalSection
EndGlobal
